{
  "name": "aa",
  "version": "1.0.0",
  "lockfileVersion": 1,
  "requires": true,
  "dependencies": {
    "axios": {
      "version": "0.21.1",
      "resolved": "https://registry.npm.taobao.org/axios/download/axios-0.21.1.tgz",
      "integrity": "sha1-IlY0gZYvTWvemnbVFu8OXTwJsrg=",
      "requires": {
        "follow-redirects": "^1.10.0"
      }
    },
    "bootstrap": {
      "version": "4.5.3",
      "resolved": "https://registry.npm.taobao.org/bootstrap/download/bootstrap-4.5.3.tgz",
      "integrity": "sha1-xqcrNVqvMjkgvoACRqbk7zCZf+Y="
    },
    "dom7": {
      "version": "3.0.0",
      "resolved": "https://registry.npm.taobao.org/dom7/download/dom7-3.0.0.tgz",
      "integrity": "sha1-uGHOXWemvs16qjrQKUL/FLEkAzE=",
      "requires": {
        "ssr-window": "^3.0.0-alpha.1"
      }
    },
    "follow-redirects": {
      "version": "1.13.1",
      "resolved": "https://registry.npm.taobao.org/follow-redirects/download/follow-redirects-1.13.1.tgz?cache=0&sync_timestamp=1607916846877&other_urls=https%3A%2F%2Fregistry.npm.taobao.org%2Ffollow-redirects%2Fdownload%2Ffollow-redirects-1.13.1.tgz",
      "integrity": "sha1-X2m4Ezds7k/QR0o6uoNd8Eq3Y7c="
    },
    "jquery": {
      "version": "3.5.1",
      "resolved": "https://registry.npm.taobao.org/jquery/download/jquery-3.5.1.tgz",
      "integrity": "sha1-17TQjhv9uGrS8aPQOeoXMEcXq7U="
    },
    "ssr-window": {
      "version": "3.0.0",
      "resolved": "https://registry.npm.taobao.org/ssr-window/download/ssr-window-3.0.0.tgz",
      "integrity": "sha1-/VuCgBY4lD4MxwTEaRgBQ1r3rDc="
    },
    "swiper": {
      "version": "6.4.5",
      "resolved": "https://registry.npm.taobao.org/swiper/download/swiper-6.4.5.tgz?cache=0&sync_timestamp=1608315084925&other_urls=https%3A%2F%2Fregistry.npm.taobao.org%2Fswiper%2Fdownload%2Fswiper-6.4.5.tgz",
      "integrity": "sha1-Kqnn9Z7QV4xBFia/JM21lCYJYY4=",
      "requires": {
        "dom7": "^3.0.0",
        "ssr-window": "^3.0.0",
        "tslib": "^2.0.0"
      }
    },
    "tslib": {
      "version": "2.0.3",
      "resolved": "https://registry.npm.taobao.org/tslib/download/tslib-2.0.3.tgz?cache=0&sync_timestamp=1602286724979&other_urls=https%3A%2F%2Fregistry.npm.taobao.org%2Ftslib%2Fdownload%2Ftslib-2.0.3.tgz",
      "integrity": "sha1-jgdBrEX8DCJuWKF7/D5kubxsphw="
    }
  }
}
